// !$*UTF8*$!
{
	archiveVersion = 1;
	classes = {
	};
	objectVersion = 46;
	objects = {

/* Begin PBXGroup section */
		CD18DAA513A9D9EF00918267 = {
			isa = PBXGroup;
			children = (
			);
			sourceTree = "<group>";
		};
/* End PBXGroup section */

/* Begin PBXProject section */
		CD18DAA713A9D9EF00918267 /* Project object */ = {
			isa = PBXProject;
			attributes = {
				ORGANIZATIONNAME = UCL;
			};
			buildConfigurationList = CD18DAAA13A9D9EF00918267 /* Build configuration list for PBXProject "MuSIC_simulation" */;
			compatibilityVersion = "Xcode 3.2";
			developmentRegion = English;
			hasScannedForEncodings = 0;
			knownRegions = (
				en,
			);
			mainGroup = CD18DAA513A9D9EF00918267;
			projectDirPath = "";
			projectRoot = "";
			targets = (
			);
		};
/* End PBXProject section */

/* Begin XCBuildConfiguration section */
		CD18DAAC13A9D9EF00918267 /* Debug */ = {
			isa = XCBuildConfiguration;
			buildSettings = {
			};
			name = Debug;
		};
		CD18DAAD13A9D9EF00918267 /* Release */ = {
			isa = XCBuildConfiguration;
			buildSettings = {
			};
			name = Release;
		};
/* End XCBuildConfiguration section */

/* Begin XCConfigurationList section */
		CD18DAAA13A9D9EF00918267 /* Build configuration list for PBXProject "MuSIC_simulation" */ = {
			isa = XCConfigurationList;
			buildConfigurations = (
				CD18DAAC13A9D9EF00918267 /* Debug */,
				CD18DAAD13A9D9EF00918267 /* Release */,
			);
			defaultConfigurationIsVisible = 0;
			defaultConfigurationName = Release;
		};
/* End XCConfigurationList section */
	};
	rootObject = CD18DAA713A9D9EF00918267 /* Project object */;
}
